
Microsoft Visual Studio Solution File, Format Version 12.00
# Visual Studio Version 16
VisualStudioVersion = 16.0.31702.278
MinimumVisualStudioVersion = 10.0.40219.1
Project("{FAE04EC0-301F-11D3-BF4B-00C04F79EFBC}") = "Inmueble2", "Inmueble2.csproj", "{5EF3EFAF-ADE0-4E66-884D-22E22539862C}"
EndProject
Global
	GlobalSection(SolutionConfigurationPlatforms) = preSolution
		Debug|Any CPU = Debug|Any CPU
		Release|Any CPU = Release|Any CPU
	EndGlobalSection
	GlobalSection(ProjectConfigurationPlatforms) = postSolution
		{5EF3EFAF-ADE0-4E66-884D-22E22539862C}.Debug|Any CPU.ActiveCfg = Debug|Any CPU
		{5EF3EFAF-ADE0-4E66-884D-22E22539862C}.Debug|Any CPU.Build.0 = Debug|Any CPU
		{5EF3EFAF-ADE0-4E66-884D-22E22539862C}.Release|Any CPU.ActiveCfg = Release|Any CPU
		{5EF3EFAF-ADE0-4E66-884D-22E22539862C}.Release|Any CPU.Build.0 = Release|Any CPU
	EndGlobalSection
	GlobalSection(SolutionProperties) = preSolution
		HideSolutionNode = FALSE
	EndGlobalSection
	GlobalSection(ExtensibilityGlobals) = postSolution
		SolutionGuid = {3EBBD5EA-9743-43D8-8C73-4A6AA548F3FF}
	EndGlobalSection
EndGlobal
