
Microsoft Visual Studio Solution File, Format Version 12.00
# Visual Studio Version 16
VisualStudioVersion = 16.0.31515.178
MinimumVisualStudioVersion = 10.0.40219.1
Project("{FAE04EC0-301F-11D3-BF4B-00C04F79EFBC}") = "pruebaDataGrid", "pruebaDataGrid.csproj", "{5EF23C04-DE52-4BA1-A505-EE26768A0393}"
EndProject
Global
	GlobalSection(SolutionConfigurationPlatforms) = preSolution
		Debug|Any CPU = Debug|Any CPU
		Release|Any CPU = Release|Any CPU
	EndGlobalSection
	GlobalSection(ProjectConfigurationPlatforms) = postSolution
		{5EF23C04-DE52-4BA1-A505-EE26768A0393}.Debug|Any CPU.ActiveCfg = Debug|Any CPU
		{5EF23C04-DE52-4BA1-A505-EE26768A0393}.Debug|Any CPU.Build.0 = Debug|Any CPU
		{5EF23C04-DE52-4BA1-A505-EE26768A0393}.Release|Any CPU.ActiveCfg = Release|Any CPU
		{5EF23C04-DE52-4BA1-A505-EE26768A0393}.Release|Any CPU.Build.0 = Release|Any CPU
	EndGlobalSection
	GlobalSection(SolutionProperties) = preSolution
		HideSolutionNode = FALSE
	EndGlobalSection
	GlobalSection(ExtensibilityGlobals) = postSolution
		SolutionGuid = {3CE9C667-D066-4FC0-9D3F-36D45AB746C7}
	EndGlobalSection
EndGlobal
